
Microsoft Visual Studio Solution File, Format Version 12.00
# Visual Studio Version 17
VisualStudioVersion = 17.3.32929.385
MinimumVisualStudioVersion = 10.0.40219.1
Project("{FAE04EC0-301F-11D3-BF4B-00C04F79EFBC}") = "KryptoForMisha", "KryptoForMisha\KryptoForMisha.csproj", "{373C9DB6-1DF7-4274-A4FA-DEC4B81CE4F3}"
EndProject
Global
	GlobalSection(SolutionConfigurationPlatforms) = preSolution
		Debug|Any CPU = Debug|Any CPU
		Release|Any CPU = Release|Any CPU
	EndGlobalSection
	GlobalSection(ProjectConfigurationPlatforms) = postSolution
		{373C9DB6-1DF7-4274-A4FA-DEC4B81CE4F3}.Debug|Any CPU.ActiveCfg = Debug|Any CPU
		{373C9DB6-1DF7-4274-A4FA-DEC4B81CE4F3}.Debug|Any CPU.Build.0 = Debug|Any CPU
		{373C9DB6-1DF7-4274-A4FA-DEC4B81CE4F3}.Release|Any CPU.ActiveCfg = Release|Any CPU
		{373C9DB6-1DF7-4274-A4FA-DEC4B81CE4F3}.Release|Any CPU.Build.0 = Release|Any CPU
	EndGlobalSection
	GlobalSection(SolutionProperties) = preSolution
		HideSolutionNode = FALSE
	EndGlobalSection
	GlobalSection(ExtensibilityGlobals) = postSolution
		SolutionGuid = {A435481E-F2EC-429A-AB59-82A1B86C7380}
	EndGlobalSection
EndGlobal
